
Microsoft Visual Studio Solution File, Format Version 12.00
# Visual Studio 15
VisualStudioVersion = 15.0.27703.2047
MinimumVisualStudioVersion = 10.0.40219.1
Project("{888888A0-9F3D-457C-B088-3A5042F75D52}") = "prj_UrlShortener", "UrlShortener\prj_UrlShortener.pyproj", "{1A94B062-30C0-487B-B351-D6D0E24F664F}"
EndProject
Global
	GlobalSection(SolutionConfigurationPlatforms) = preSolution
		Debug|Any CPU = Debug|Any CPU
		Release|Any CPU = Release|Any CPU
	EndGlobalSection
	GlobalSection(ProjectConfigurationPlatforms) = postSolution
		{1A94B062-30C0-487B-B351-D6D0E24F664F}.Debug|Any CPU.ActiveCfg = Debug|Any CPU
		{1A94B062-30C0-487B-B351-D6D0E24F664F}.Release|Any CPU.ActiveCfg = Release|Any CPU
	EndGlobalSection
	GlobalSection(SolutionProperties) = preSolution
		HideSolutionNode = FALSE
	EndGlobalSection
	GlobalSection(ExtensibilityGlobals) = postSolution
		SolutionGuid = {DB03D160-D5E5-4D62-BCAC-8647E5ADC0D1}
	EndGlobalSection
EndGlobal
